{
  "plugin_type": "extractors",
  "name": "tap-example-custom-data-source",
  "namespace": "tap_example_custom_data_source",
  "variant": "matatika",
  "label": "tap-example-custom-data-source",
  "pip_url": "git+https://github.com/ets/tap-spreadsheets-anywhere.git",
  "executable": "tap-spreadsheets-anywhere",
  "capabilities": [
    "discover",
    "state",
    "catalog"
  ],
  "settings": [
    {
      "name": "tables",
      "kind": "array",
      "protected": false
    }
  ]
}